// !$*UTF8*$!
{
	archiveVersion = 1;
	classes = {
	};
	objectVersion = 56;
	objects = {

/* Begin PBXBuildFile section */
		A1311C9F2A3A62AF0045DCB2 /* KevinCookieCompany_comApp.swift in Sources */ = {isa = PBXBuildFile; fileRef = A1311C9E2A3A62AF0045DCB2 /* KevinCookieCompany_comApp.swift */; };
		A1311CA12A3A62AF0045DCB2 /* Persistence.swift in Sources */ = {isa = PBXBuildFile; fileRef = A1311CA02A3A62AF0045DCB2 /* Persistence.swift */; };
		A1311CA42A3A62AF0045DCB2 /* KevinCookieCompany_com.xcdatamodeld in Sources */ = {isa = PBXBuildFile; fileRef = A1311CA22A3A62AF0045DCB2 /* KevinCookieCompany_com.xcdatamodeld */; };
		A1311CA62A3A62AF0045DCB2 /* ContentView.swift in Sources */ = {isa = PBXBuildFile; fileRef = A1311CA52A3A62AF0045DCB2 /* ContentView.swift */; };
		A1311CA82A3A62B00045DCB2 /* Assets.xcassets in Resources */ = {isa = PBXBuildFile; fileRef = A1311CA72A3A62B00045DCB2 /* Assets.xcassets */; };
		A1311CAC2A3A62B00045DCB2 /* Preview Assets.xcassets in Resources */ = {isa = PBXBuildFile; fileRef = A1311CAB2A3A62B00045DCB2 /* Preview Assets.xcassets */; };
		A1311CB62A3A62B10045DCB2 /* KevinCookieCompany_comTests.swift in Sources */ = {isa = PBXBuildFile; fileRef = A1311CB52A3A62B10045DCB2 /* KevinCookieCompany_comTests.swift */; };
		A1311CC02A3A62B10045DCB2 /* KevinCookieCompany_comUITests.swift in Sources */ = {isa = PBXBuildFile; fileRef = A1311CBF2A3A62B10045DCB2 /* KevinCookieCompany_comUITests.swift */; };
		A1311CC22A3A62B10045DCB2 /* KevinCookieCompany_comUITestsLaunchTests.swift in Sources */ = {isa = PBXBuildFile; fileRef = A1311CC12A3A62B10045DCB2 /* KevinCookieCompany_comUITestsLaunchTests.swift */; };
/* End PBXBuildFile section */

/* Begin PBXContainerItemProxy section */
		A1311CB22A3A62B10045DCB2 /* PBXContainerItemProxy */ = {
			isa = PBXContainerItemProxy;
			containerPortal = A1311C932A3A62AF0045DCB2 /* Project object */;
			proxyType = 1;
			remoteGlobalIDString = A1311C9A2A3A62AF0045DCB2;
			remoteInfo = KevinCookieCompany.com;
		};
		A1311CBC2A3A62B10045DCB2 /* PBXContainerItemProxy */ = {
			isa = PBXContainerItemProxy;
			containerPortal = A1311C932A3A62AF0045DCB2 /* Project object */;
			proxyType = 1;
			remoteGlobalIDString = A1311C9A2A3A62AF0045DCB2;
			remoteInfo = KevinCookieCompany.com;
		};
/* End PBXContainerItemProxy section */

/* Begin PBXFileReference section */
		A1311C9B2A3A62AF0045DCB2 /* KevinCookieCompany.com.app */ = {isa = PBXFileReference; explicitFileType = wrapper.application; includeInIndex = 0; path = KevinCookieCompany.com.app; sourceTree = BUILT_PRODUCTS_DIR; };
		A1311C9E2A3A62AF0045DCB2 /* KevinCookieCompany_comApp.swift */ = {isa = PBXFileReference; lastKnownFileType = sourcecode.swift; path = KevinCookieCompany_comApp.swift; sourceTree = "<group>"; };
		A1311CA02A3A62AF0045DCB2 /* Persistence.swift */ = {isa = PBXFileReference; lastKnownFileType = sourcecode.swift; path = Persistence.swift; sourceTree = "<group>"; };
		A1311CA32A3A62AF0045DCB2 /* KevinCookieCompany_com.xcdatamodel */ = {isa = PBXFileReference; lastKnownFileType = wrapper.xcdatamodel; path = KevinCookieCompany_com.xcdatamodel; sourceTree = "<group>"; };
		A1311CA52A3A62AF0045DCB2 /* ContentView.swift */ = {isa = PBXFileReference; lastKnownFileType = sourcecode.swift; path = ContentView.swift; sourceTree = "<group>"; };
		A1311CA72A3A62B00045DCB2 /* Assets.xcassets */ = {isa = PBXFileReference; lastKnownFileType = folder.assetcatalog; path = Assets.xcassets; sourceTree = "<group>"; };
		A1311CA92A3A62B00045DCB2 /* KevinCookieCompany_com.entitlements */ = {isa = PBXFileReference; lastKnownFileType = text.plist.entitlements; path = KevinCookieCompany_com.entitlements; sourceTree = "<group>"; };
		A1311CAB2A3A62B00045DCB2 /* Preview Assets.xcassets */ = {isa = PBXFileReference; lastKnownFileType = folder.assetcatalog; path = "Preview Assets.xcassets"; sourceTree = "<group>"; };
		A1311CB12A3A62B10045DCB2 /* KevinCookieCompany.comTests.xctest */ = {isa = PBXFileReference; explicitFileType = wrapper.cfbundle; includeInIndex = 0; path = KevinCookieCompany.comTests.xctest; sourceTree = BUILT_PRODUCTS_DIR; };
		A1311CB52A3A62B10045DCB2 /* KevinCookieCompany_comTests.swift */ = {isa = PBXFileReference; lastKnownFileType = sourcecode.swift; path = KevinCookieCompany_comTests.swift; sourceTree = "<group>"; };
		A1311CBB2A3A62B10045DCB2 /* KevinCookieCompany.comUITests.xctest */ = {isa = PBXFileReference; explicitFileType = wrapper.cfbundle; includeInIndex = 0; path = KevinCookieCompany.comUITests.xctest; sourceTree = BUILT_PRODUCTS_DIR; };
		A1311CBF2A3A62B10045DCB2 /* KevinCookieCompany_comUITests.swift */ = {isa = PBXFileReference; lastKnownFileType = sourcecode.swift; path = KevinCookieCompany_comUITests.swift; sourceTree = "<group>"; };
		A1311CC12A3A62B10045DCB2 /* KevinCookieCompany_comUITestsLaunchTests.swift */ = {isa = PBXFileReference; lastKnownFileType = sourcecode.swift; path = KevinCookieCompany_comUITestsLaunchTests.swift; sourceTree = "<group>"; };
/* End PBXFileReference section */

/* Begin PBXFrameworksBuildPhase section */
		A1311C982A3A62AF0045DCB2 /* Frameworks */ = {
			isa = PBXFrameworksBuildPhase;
			buildActionMask = 2147483647;
			files = (
			);
			runOnlyForDeploymentPostprocessing = 0;
		};
		A1311CAE2A3A62B10045DCB2 /* Frameworks */ = {
			isa = PBXFrameworksBuildPhase;
			buildActionMask = 2147483647;
			files = (
			);
			runOnlyForDeploymentPostprocessing = 0;
		};
		A1311CB82A3A62B10045DCB2 /* Frameworks */ = {
			isa = PBXFrameworksBuildPhase;
			buildActionMask = 2147483647;
			files = (
			);
			runOnlyForDeploymentPostprocessing = 0;
		};
/* End PBXFrameworksBuildPhase section */

/* Begin PBXGroup section */
		A1311C922A3A62AF0045DCB2 = {
			isa = PBXGroup;
			children = (
				A1311C9D2A3A62AF0045DCB2 /* KevinCookieCompany.com */,
				A1311CB42A3A62B10045DCB2 /* KevinCookieCompany.comTests */,
				A1311CBE2A3A62B10045DCB2 /* KevinCookieCompany.comUITests */,
				A1311C9C2A3A62AF0045DCB2 /* Products */,
			);
			sourceTree = "<group>";
		};
		A1311C9C2A3A62AF0045DCB2 /* Products */ = {
			isa = PBXGroup;
			children = (
				A1311C9B2A3A62AF0045DCB2 /* KevinCookieCompany.com.app */,
				A1311CB12A3A62B10045DCB2 /* KevinCookieCompany.comTests.xctest */,
				A1311CBB2A3A62B10045DCB2 /* KevinCookieCompany.comUITests.xctest */,
			);
			name = Products;
			sourceTree = "<group>";
		};
		A1311C9D2A3A62AF0045DCB2 /* KevinCookieCompany.com */ = {
			isa = PBXGroup;
			children = (
				A1311C9E2A3A62AF0045DCB2 /* KevinCookieCompany_comApp.swift */,
				A1311CA02A3A62AF0045DCB2 /* Persistence.swift */,
				A1311CA52A3A62AF0045DCB2 /* ContentView.swift */,
				A1311CA72A3A62B00045DCB2 /* Assets.xcassets */,
				A1311CA92A3A62B00045DCB2 /* KevinCookieCompany_com.entitlements */,
				A1311CA22A3A62AF0045DCB2 /* KevinCookieCompany_com.xcdatamodeld */,
				A1311CAA2A3A62B00045DCB2 /* Preview Content */,
			);
			path = KevinCookieCompany.com;
			sourceTree = "<group>";
		};
		A1311CAA2A3A62B00045DCB2 /* Preview Content */ = {
			isa = PBXGroup;
			children = (
				A1311CAB2A3A62B00045DCB2 /* Preview Assets.xcassets */,
			);
			path = "Preview Content";
			sourceTree = "<group>";
		};
		A1311CB42A3A62B10045DCB2 /* KevinCookieCompany.comTests */ = {
			isa = PBXGroup;
			children = (
				A1311CB52A3A62B10045DCB2 /* KevinCookieCompany_comTests.swift */,
			);
			path = KevinCookieCompany.comTests;
			sourceTree = "<group>";
		};
		A1311CBE2A3A62B10045DCB2 /* KevinCookieCompany.comUITests */ = {
			isa = PBXGroup;
			children = (
				A1311CBF2A3A62B10045DCB2 /* KevinCookieCompany_comUITests.swift */,
				A1311CC12A3A62B10045DCB2 /* KevinCookieCompany_comUITestsLaunchTests.swift */,
			);
			path = KevinCookieCompany.comUITests;
			sourceTree = "<group>";
		};
/* End PBXGroup section */

/* Begin PBXNativeTarget section */
		A1311C9A2A3A62AF0045DCB2 /* KevinCookieCompany.com */ = {
			isa = PBXNativeTarget;
			buildConfigurationList = A1311CC52A3A62B10045DCB2 /* Build configuration list for PBXNativeTarget "KevinCookieCompany.com" */;
			buildPhases = (
				A1311C972A3A62AF0045DCB2 /* Sources */,
				A1311C982A3A62AF0045DCB2 /* Frameworks */,
				A1311C992A3A62AF0045DCB2 /* Resources */,
			);
			buildRules = (
			);
			dependencies = (
			);
			name = KevinCookieCompany.com;
			productName = KevinCookieCompany.com;
			productReference = A1311C9B2A3A62AF0045DCB2 /* KevinCookieCompany.com.app */;
			productType = "com.apple.product-type.application";
		};
		A1311CB02A3A62B10045DCB2 /* KevinCookieCompany.comTests */ = {
			isa = PBXNativeTarget;
			buildConfigurationList = A1311CC82A3A62B10045DCB2 /* Build configuration list for PBXNativeTarget "KevinCookieCompany.comTests" */;
			buildPhases = (
				A1311CAD2A3A62B10045DCB2 /* Sources */,
				A1311CAE2A3A62B10045DCB2 /* Frameworks */,
				A1311CAF2A3A62B10045DCB2 /* Resources */,
			);
			buildRules = (
			);
			dependencies = (
				A1311CB32A3A62B10045DCB2 /* PBXTargetDependency */,
			);
			name = KevinCookieCompany.comTests;
			productName = KevinCookieCompany.comTests;
			productReference = A1311CB12A3A62B10045DCB2 /* KevinCookieCompany.comTests.xctest */;
			productType = "com.apple.product-type.bundle.unit-test";
		};
		A1311CBA2A3A62B10045DCB2 /* KevinCookieCompany.comUITests */ = {
			isa = PBXNativeTarget;
			buildConfigurationList = A1311CCB2A3A62B10045DCB2 /* Build configuration list for PBXNativeTarget "KevinCookieCompany.comUITests" */;
			buildPhases = (
				A1311CB72A3A62B10045DCB2 /* Sources */,
				A1311CB82A3A62B10045DCB2 /* Frameworks */,
				A1311CB92A3A62B10045DCB2 /* Resources */,
			);
			buildRules = (
			);
			dependencies = (
				A1311CBD2A3A62B10045DCB2 /* PBXTargetDependency */,
			);
			name = KevinCookieCompany.comUITests;
			productName = KevinCookieCompany.comUITests;
			productReference = A1311CBB2A3A62B10045DCB2 /* KevinCookieCompany.comUITests.xctest */;
			productType = "com.apple.product-type.bundle.ui-testing";
		};
/* End PBXNativeTarget section */

/* Begin PBXProject section */
		A1311C932A3A62AF0045DCB2 /* Project object */ = {
			isa = PBXProject;
			attributes = {
				BuildIndependentTargetsInParallel = 1;
				LastSwiftUpdateCheck = 1430;
				LastUpgradeCheck = 1430;
				TargetAttributes = {
					A1311C9A2A3A62AF0045DCB2 = {
						CreatedOnToolsVersion = 14.3.1;
					};
					A1311CB02A3A62B10045DCB2 = {
						CreatedOnToolsVersion = 14.3.1;
						TestTargetID = A1311C9A2A3A62AF0045DCB2;
					};
					A1311CBA2A3A62B10045DCB2 = {
						CreatedOnToolsVersion = 14.3.1;
						TestTargetID = A1311C9A2A3A62AF0045DCB2;
					};
				};
			};
			buildConfigurationList = A1311C962A3A62AF0045DCB2 /* Build configuration list for PBXProject "KevinCookieCompany.com" */;
			compatibilityVersion = "Xcode 14.0";
			developmentRegion = en;
			hasScannedForEncodings = 0;
			knownRegions = (
				en,
				Base,
			);
			mainGroup = A1311C922A3A62AF0045DCB2;
			productRefGroup = A1311C9C2A3A62AF0045DCB2 /* Products */;
			projectDirPath = "";
			projectRoot = "";
			targets = (
				A1311C9A2A3A62AF0045DCB2 /* KevinCookieCompany.com */,
				A1311CB02A3A62B10045DCB2 /* KevinCookieCompany.comTests */,
				A1311CBA2A3A62B10045DCB2 /* KevinCookieCompany.comUITests */,
			);
		};
/* End PBXProject section */

/* Begin PBXResourcesBuildPhase section */
		A1311C992A3A62AF0045DCB2 /* Resources */ = {
			isa = PBXResourcesBuildPhase;
			buildActionMask = 2147483647;
			files = (
				A1311CAC2A3A62B00045DCB2 /* Preview Assets.xcassets in Resources */,
				A1311CA82A3A62B00045DCB2 /* Assets.xcassets in Resources */,
			);
			runOnlyForDeploymentPostprocessing = 0;
		};
		A1311CAF2A3A62B10045DCB2 /* Resources */ = {
			isa = PBXResourcesBuildPhase;
			buildActionMask = 2147483647;
			files = (
			);
			runOnlyForDeploymentPostprocessing = 0;
		};
		A1311CB92A3A62B10045DCB2 /* Resources */ = {
			isa = PBXResourcesBuildPhase;
			buildActionMask = 2147483647;
			files = (
			);
			runOnlyForDeploymentPostprocessing = 0;
		};
/* End PBXResourcesBuildPhase section */

/* Begin PBXSourcesBuildPhase section */
		A1311C972A3A62AF0045DCB2 /* Sources */ = {
			isa = PBXSourcesBuildPhase;
			buildActionMask = 2147483647;
			files = (
				A1311CA42A3A62AF0045DCB2 /* KevinCookieCompany_com.xcdatamodeld in Sources */,
				A1311C9F2A3A62AF0045DCB2 /* KevinCookieCompany_comApp.swift in Sources */,
				A1311CA62A3A62AF0045DCB2 /* ContentView.swift in Sources */,
				A1311CA12A3A62AF0045DCB2 /* Persistence.swift in Sources */,
			);
			runOnlyForDeploymentPostprocessing = 0;
		};
		A1311CAD2A3A62B10045DCB2 /* Sources */ = {
			isa = PBXSourcesBuildPhase;
			buildActionMask = 2147483647;
			files = (
				A1311CB62A3A62B10045DCB2 /* KevinCookieCompany_comTests.swift in Sources */,
			);
			runOnlyForDeploymentPostprocessing = 0;
		};
		A1311CB72A3A62B10045DCB2 /* Sources */ = {
			isa = PBXSourcesBuildPhase;
			buildActionMask = 2147483647;
			files = (
				A1311CC22A3A62B10045DCB2 /* KevinCookieCompany_comUITestsLaunchTests.swift in Sources */,
				A1311CC02A3A62B10045DCB2 /* KevinCookieCompany_comUITests.swift in Sources */,
			);
			runOnlyForDeploymentPostprocessing = 0;
		};
/* End PBXSourcesBuildPhase section */

/* Begin PBXTargetDependency section */
		A1311CB32A3A62B10045DCB2 /* PBXTargetDependency */ = {
			isa = PBXTargetDependency;
			target = A1311C9A2A3A62AF0045DCB2 /* KevinCookieCompany.com */;
			targetProxy = A1311CB22A3A62B10045DCB2 /* PBXContainerItemProxy */;
		};
		A1311CBD2A3A62B10045DCB2 /* PBXTargetDependency */ = {
			isa = PBXTargetDependency;
			target = A1311C9A2A3A62AF0045DCB2 /* KevinCookieCompany.com */;
			targetProxy = A1311CBC2A3A62B10045DCB2 /* PBXContainerItemProxy */;
		};
/* End PBXTargetDependency section */

/* Begin XCBuildConfiguration section */
		A1311CC32A3A62B10045DCB2 /* Debug */ = {
			isa = XCBuildConfiguration;
			buildSettings = {
				ALWAYS_SEARCH_USER_PATHS = NO;
				CLANG_ANALYZER_NONNULL = YES;
				CLANG_ANALYZER_NUMBER_OBJECT_CONVERSION = YES_AGGRESSIVE;
				CLANG_CXX_LANGUAGE_STANDARD = "gnu++20";
				CLANG_ENABLE_MODULES = YES;
				CLANG_ENABLE_OBJC_ARC = YES;
				CLANG_ENABLE_OBJC_WEAK = YES;
				CLANG_WARN_BLOCK_CAPTURE_AUTORELEASING = YES;
				CLANG_WARN_BOOL_CONVERSION = YES;
				CLANG_WARN_COMMA = YES;
				CLANG_WARN_CONSTANT_CONVERSION = YES;
				CLANG_WARN_DEPRECATED_OBJC_IMPLEMENTATIONS = YES;
				CLANG_WARN_DIRECT_OBJC_ISA_USAGE = YES_ERROR;
				CLANG_WARN_DOCUMENTATION_COMMENTS = YES;
				CLANG_WARN_EMPTY_BODY = YES;
				CLANG_WARN_ENUM_CONVERSION = YES;
				CLANG_WARN_INFINITE_RECURSION = YES;
				CLANG_WARN_INT_CONVERSION = YES;
				CLANG_WARN_NON_LITERAL_NULL_CONVERSION = YES;
				CLANG_WARN_OBJC_IMPLICIT_RETAIN_SELF = YES;
				CLANG_WARN_OBJC_LITERAL_CONVERSION = YES;
				CLANG_WARN_OBJC_ROOT_CLASS = YES_ERROR;
				CLANG_WARN_QUOTED_INCLUDE_IN_FRAMEWORK_HEADER = YES;
				CLANG_WARN_RANGE_LOOP_ANALYSIS = YES;
				CLANG_WARN_STRICT_PROTOTYPES = YES;
				CLANG_WARN_SUSPICIOUS_MOVE = YES;
				CLANG_WARN_UNGUARDED_AVAILABILITY = YES_AGGRESSIVE;
				CLANG_WARN_UNREACHABLE_CODE = YES;
				CLANG_WARN__DUPLICATE_METHOD_MATCH = YES;
				COPY_PHASE_STRIP = NO;
				DEBUG_INFORMATION_FORMAT = dwarf;
				ENABLE_STRICT_OBJC_MSGSEND = YES;
				ENABLE_TESTABILITY = YES;
				GCC_C_LANGUAGE_STANDARD = gnu11;
				GCC_DYNAMIC_NO_PIC = NO;
				GCC_NO_COMMON_BLOCKS = YES;
				GCC_OPTIMIZATION_LEVEL = 0;
				GCC_PREPROCESSOR_DEFINITIONS = (
					"DEBUG=1",
					"$(inherited)",
				);
				GCC_WARN_64_TO_32_BIT_CONVERSION = YES;
				GCC_WARN_ABOUT_RETURN_TYPE = YES_ERROR;
				GCC_WARN_UNDECLARED_SELECTOR = YES;
				GCC_WARN_UNINITIALIZED_AUTOS = YES_AGGRESSIVE;
				GCC_WARN_UNUSED_FUNCTION = YES;
				GCC_WARN_UNUSED_VARIABLE = YES;
				MTL_ENABLE_DEBUG_INFO = INCLUDE_SOURCE;
				MTL_FAST_MATH = YES;
				ONLY_ACTIVE_ARCH = YES;
				SWIFT_ACTIVE_COMPILATION_CONDITIONS = DEBUG;
				SWIFT_OPTIMIZATION_LEVEL = "-Onone";
			};
			name = Debug;
		};
		A1311CC42A3A62B10045DCB2 /* Release */ = {
			isa = XCBuildConfiguration;
			buildSettings = {
				ALWAYS_SEARCH_USER_PATHS = NO;
				CLANG_ANALYZER_NONNULL = YES;
				CLANG_ANALYZER_NUMBER_OBJECT_CONVERSION = YES_AGGRESSIVE;
				CLANG_CXX_LANGUAGE_STANDARD = "gnu++20";
				CLANG_ENABLE_MODULES = YES;
				CLANG_ENABLE_OBJC_ARC = YES;
				CLANG_ENABLE_OBJC_WEAK = YES;
				CLANG_WARN_BLOCK_CAPTURE_AUTORELEASING = YES;
				CLANG_WARN_BOOL_CONVERSION = YES;
				CLANG_WARN_COMMA = YES;
				CLANG_WARN_CONSTANT_CONVERSION = YES;
				CLANG_WARN_DEPRECATED_OBJC_IMPLEMENTATIONS = YES;
				CLANG_WARN_DIRECT_OBJC_ISA_USAGE = YES_ERROR;
				CLANG_WARN_DOCUMENTATION_COMMENTS = YES;
				CLANG_WARN_EMPTY_BODY = YES;
				CLANG_WARN_ENUM_CONVERSION = YES;
				CLANG_WARN_INFINITE_RECURSION = YES;
				CLANG_WARN_INT_CONVERSION = YES;
				CLANG_WARN_NON_LITERAL_NULL_CONVERSION = YES;
				CLANG_WARN_OBJC_IMPLICIT_RETAIN_SELF = YES;
				CLANG_WARN_OBJC_LITERAL_CONVERSION = YES;
				CLANG_WARN_OBJC_ROOT_CLASS = YES_ERROR;
				CLANG_WARN_QUOTED_INCLUDE_IN_FRAMEWORK_HEADER = YES;
				CLANG_WARN_RANGE_LOOP_ANALYSIS = YES;
				CLANG_WARN_STRICT_PROTOTYPES = YES;
				CLANG_WARN_SUSPICIOUS_MOVE = YES;
				CLANG_WARN_UNGUARDED_AVAILABILITY = YES_AGGRESSIVE;
				CLANG_WARN_UNREACHABLE_CODE = YES;
				CLANG_WARN__DUPLICATE_METHOD_MATCH = YES;
				COPY_PHASE_STRIP = NO;
				DEBUG_INFORMATION_FORMAT = "dwarf-with-dsym";
				ENABLE_NS_ASSERTIONS = NO;
				ENABLE_STRICT_OBJC_MSGSEND = YES;
				GCC_C_LANGUAGE_STANDARD = gnu11;
				GCC_NO_COMMON_BLOCKS = YES;
				GCC_WARN_64_TO_32_BIT_CONVERSION = YES;
				GCC_WARN_ABOUT_RETURN_TYPE = YES_ERROR;
				GCC_WARN_UNDECLARED_SELECTOR = YES;
				GCC_WARN_UNINITIALIZED_AUTOS = YES_AGGRESSIVE;
				GCC_WARN_UNUSED_FUNCTION = YES;
				GCC_WARN_UNUSED_VARIABLE = YES;
				MTL_ENABLE_DEBUG_INFO = NO;
				MTL_FAST_MATH = YES;
				SWIFT_COMPILATION_MODE = wholemodule;
				SWIFT_OPTIMIZATION_LEVEL = "-O";
			};
			name = Release;
		};
		A1311CC62A3A62B10045DCB2 /* Debug */ = {
			isa = XCBuildConfiguration;
			buildSettings = {
				ASSETCATALOG_COMPILER_APPICON_NAME = AppIcon;
				ASSETCATALOG_COMPILER_GLOBAL_ACCENT_COLOR_NAME = AccentColor;
				CODE_SIGN_ENTITLEMENTS = KevinCookieCompany.com/KevinCookieCompany_com.entitlements;
				CODE_SIGN_STYLE = Automatic;
				CURRENT_PROJECT_VERSION = 1;
				DEVELOPMENT_ASSET_PATHS = "\"KevinCookieCompany.com/Preview Content\"";
				DEVELOPMENT_TEAM = HJVV6M24W9;
				ENABLE_HARDENED_RUNTIME = YES;
				ENABLE_PREVIEWS = YES;
				GENERATE_INFOPLIST_FILE = YES;
				"INFOPLIST_KEY_UIApplicationSceneManifest_Generation[sdk=iphoneos*]" = YES;
				"INFOPLIST_KEY_UIApplicationSceneManifest_Generation[sdk=iphonesimulator*]" = YES;
				"INFOPLIST_KEY_UIApplicationSupportsIndirectInputEvents[sdk=iphoneos*]" = YES;
				"INFOPLIST_KEY_UIApplicationSupportsIndirectInputEvents[sdk=iphonesimulator*]" = YES;
				"INFOPLIST_KEY_UILaunchScreen_Generation[sdk=iphoneos*]" = YES;
				"INFOPLIST_KEY_UILaunchScreen_Generation[sdk=iphonesimulator*]" = YES;
				"INFOPLIST_KEY_UIStatusBarStyle[sdk=iphoneos*]" = UIStatusBarStyleDefault;
				"INFOPLIST_KEY_UIStatusBarStyle[sdk=iphonesimulator*]" = UIStatusBarStyleDefault;
				INFOPLIST_KEY_UISupportedInterfaceOrientations_iPad = "UIInterfaceOrientationPortrait UIInterfaceOrientationPortraitUpsideDown UIInterfaceOrientationLandscapeLeft UIInterfaceOrientationLandscapeRight";
				INFOPLIST_KEY_UISupportedInterfaceOrientations_iPhone = "UIInterfaceOrientationPortrait UIInterfaceOrientationLandscapeLeft UIInterfaceOrientationLandscapeRight";
				IPHONEOS_DEPLOYMENT_TARGET = 16.4;
				LD_RUNPATH_SEARCH_PATHS = "@executable_path/Frameworks";
				"LD_RUNPATH_SEARCH_PATHS[sdk=macosx*]" = "@executable_path/../Frameworks";
				MACOSX_DEPLOYMENT_TARGET = 13.3;
				MARKETING_VERSION = 1.0;
				PRODUCT_BUNDLE_IDENTIFIER = "KCC.C.KevinCookieCompany-com";
				PRODUCT_NAME = "$(TARGET_NAME)";
				SDKROOT = auto;
				SUPPORTED_PLATFORMS = "iphoneos iphonesimulator macosx";
				SWIFT_EMIT_LOC_STRINGS = YES;
				SWIFT_VERSION = 5.0;
				TARGETED_DEVICE_FAMILY = "1,2";
			};
			name = Debug;
		};
		A1311CC72A3A62B10045DCB2 /* Release */ = {
			isa = XCBuildConfiguration;
			buildSettings = {
				ASSETCATALOG_COMPILER_APPICON_NAME = AppIcon;
				ASSETCATALOG_COMPILER_GLOBAL_ACCENT_COLOR_NAME = AccentColor;
				CODE_SIGN_ENTITLEMENTS = KevinCookieCompany.com/KevinCookieCompany_com.entitlements;
				CODE_SIGN_STYLE = Automatic;
				CURRENT_PROJECT_VERSION = 1;
				DEVELOPMENT_ASSET_PATHS = "\"KevinCookieCompany.com/Preview Content\"";
				DEVELOPMENT_TEAM = HJVV6M24W9;
				ENABLE_HARDENED_RUNTIME = YES;
				ENABLE_PREVIEWS = YES;
				GENERATE_INFOPLIST_FILE = YES;
				"INFOPLIST_KEY_UIApplicationSceneManifest_Generation[sdk=iphoneos*]" = YES;
				"INFOPLIST_KEY_UIApplicationSceneManifest_Generation[sdk=iphonesimulator*]" = YES;
				"INFOPLIST_KEY_UIApplicationSupportsIndirectInputEvents[sdk=iphoneos*]" = YES;
				"INFOPLIST_KEY_UIApplicationSupportsIndirectInputEvents[sdk=iphonesimulator*]" = YES;
				"INFOPLIST_KEY_UILaunchScreen_Generation[sdk=iphoneos*]" = YES;
				"INFOPLIST_KEY_UILaunchScreen_Generation[sdk=iphonesimulator*]" = YES;
				"INFOPLIST_KEY_UIStatusBarStyle[sdk=iphoneos*]" = UIStatusBarStyleDefault;
				"INFOPLIST_KEY_UIStatusBarStyle[sdk=iphonesimulator*]" = UIStatusBarStyleDefault;
				INFOPLIST_KEY_UISupportedInterfaceOrientations_iPad = "UIInterfaceOrientationPortrait UIInterfaceOrientationPortraitUpsideDown UIInterfaceOrientationLandscapeLeft UIInterfaceOrientationLandscapeRight";
				INFOPLIST_KEY_UISupportedInterfaceOrientations_iPhone = "UIInterfaceOrientationPortrait UIInterfaceOrientationLandscapeLeft UIInterfaceOrientationLandscapeRight";
				IPHONEOS_DEPLOYMENT_TARGET = 16.4;
				LD_RUNPATH_SEARCH_PATHS = "@executable_path/Frameworks";
				"LD_RUNPATH_SEARCH_PATHS[sdk=macosx*]" = "@executable_path/../Frameworks";
				MACOSX_DEPLOYMENT_TARGET = 13.3;
				MARKETING_VERSION = 1.0;
				PRODUCT_BUNDLE_IDENTIFIER = "KCC.C.KevinCookieCompany-com";
				PRODUCT_NAME = "$(TARGET_NAME)";
				SDKROOT = auto;
				SUPPORTED_PLATFORMS = "iphoneos iphonesimulator macosx";
				SWIFT_EMIT_LOC_STRINGS = YES;
				SWIFT_VERSION = 5.0;
				TARGETED_DEVICE_FAMILY = "1,2";
			};
			name = Release;
		};
		A1311CC92A3A62B10045DCB2 /* Debug */ = {
			isa = XCBuildConfiguration;
			buildSettings = {
				ALWAYS_EMBED_SWIFT_STANDARD_LIBRARIES = YES;
				BUNDLE_LOADER = "$(TEST_HOST)";
				CODE_SIGN_STYLE = Automatic;
				CURRENT_PROJECT_VERSION = 1;
				DEVELOPMENT_TEAM = HJVV6M24W9;
				GENERATE_INFOPLIST_FILE = YES;
				IPHONEOS_DEPLOYMENT_TARGET = 16.4;
				MACOSX_DEPLOYMENT_TARGET = 13.3;
				MARKETING_VERSION = 1.0;
				PRODUCT_BUNDLE_IDENTIFIER = "KCC.C.KevinCookieCompany-comTests";
				PRODUCT_NAME = "$(TARGET_NAME)";
				SDKROOT = auto;
				SUPPORTED_PLATFORMS = "iphoneos iphonesimulator macosx";
				SWIFT_EMIT_LOC_STRINGS = NO;
				SWIFT_VERSION = 5.0;
				TARGETED_DEVICE_FAMILY = "1,2";
				TEST_HOST = "$(BUILT_PRODUCTS_DIR)/KevinCookieCompany.com.app/$(BUNDLE_EXECUTABLE_FOLDER_PATH)/KevinCookieCompany.com";
			};
			name = Debug;
		};
		A1311CCA2A3A62B10045DCB2 /* Release */ = {
			isa = XCBuildConfiguration;
			buildSettings = {
				ALWAYS_EMBED_SWIFT_STANDARD_LIBRARIES = YES;
				BUNDLE_LOADER = "$(TEST_HOST)";
				CODE_SIGN_STYLE = Automatic;
				CURRENT_PROJECT_VERSION = 1;
				DEVELOPMENT_TEAM = HJVV6M24W9;
				GENERATE_INFOPLIST_FILE = YES;
				IPHONEOS_DEPLOYMENT_TARGET = 16.4;
				MACOSX_DEPLOYMENT_TARGET = 13.3;
				MARKETING_VERSION = 1.0;
				PRODUCT_BUNDLE_IDENTIFIER = "KCC.C.KevinCookieCompany-comTests";
				PRODUCT_NAME = "$(TARGET_NAME)";
				SDKROOT = auto;
				SUPPORTED_PLATFORMS = "iphoneos iphonesimulator macosx";
				SWIFT_EMIT_LOC_STRINGS = NO;
				SWIFT_VERSION = 5.0;
				TARGETED_DEVICE_FAMILY = "1,2";
				TEST_HOST = "$(BUILT_PRODUCTS_DIR)/KevinCookieCompany.com.app/$(BUNDLE_EXECUTABLE_FOLDER_PATH)/KevinCookieCompany.com";
			};
			name = Release;
		};
		A1311CCC2A3A62B10045DCB2 /* Debug */ = {
			isa = XCBuildConfiguration;
			buildSettings = {
				ALWAYS_EMBED_SWIFT_STANDARD_LIBRARIES = YES;
				CODE_SIGN_STYLE = Automatic;
				CURRENT_PROJECT_VERSION = 1;
				DEVELOPMENT_TEAM = HJVV6M24W9;
				GENERATE_INFOPLIST_FILE = YES;
				IPHONEOS_DEPLOYMENT_TARGET = 16.4;
				MACOSX_DEPLOYMENT_TARGET = 13.3;
				MARKETING_VERSION = 1.0;
				PRODUCT_BUNDLE_IDENTIFIER = "KCC.C.KevinCookieCompany-comUITests";
				PRODUCT_NAME = "$(TARGET_NAME)";
				SDKROOT = auto;
				SUPPORTED_PLATFORMS = "iphoneos iphonesimulator macosx";
				SWIFT_EMIT_LOC_STRINGS = NO;
				SWIFT_VERSION = 5.0;
				TARGETED_DEVICE_FAMILY = "1,2";
				TEST_TARGET_NAME = KevinCookieCompany.com;
			};
			name = Debug;
		};
		A1311CCD2A3A62B10045DCB2 /* Release */ = {
			isa = XCBuildConfiguration;
			buildSettings = {
				ALWAYS_EMBED_SWIFT_STANDARD_LIBRARIES = YES;
				CODE_SIGN_STYLE = Automatic;
				CURRENT_PROJECT_VERSION = 1;
				DEVELOPMENT_TEAM = HJVV6M24W9;
				GENERATE_INFOPLIST_FILE = YES;
				IPHONEOS_DEPLOYMENT_TARGET = 16.4;
				MACOSX_DEPLOYMENT_TARGET = 13.3;
				MARKETING_VERSION = 1.0;
				PRODUCT_BUNDLE_IDENTIFIER = "KCC.C.KevinCookieCompany-comUITests";
				PRODUCT_NAME = "$(TARGET_NAME)";
				SDKROOT = auto;
				SUPPORTED_PLATFORMS = "iphoneos iphonesimulator macosx";
				SWIFT_EMIT_LOC_STRINGS = NO;
				SWIFT_VERSION = 5.0;
				TARGETED_DEVICE_FAMILY = "1,2";
				TEST_TARGET_NAME = KevinCookieCompany.com;
			};
			name = Release;
		};
/* End XCBuildConfiguration section */

/* Begin XCConfigurationList section */
		A1311C962A3A62AF0045DCB2 /* Build configuration list for PBXProject "KevinCookieCompany.com" */ = {
			isa = XCConfigurationList;
			buildConfigurations = (
				A1311CC32A3A62B10045DCB2 /* Debug */,
				A1311CC42A3A62B10045DCB2 /* Release */,
			);
			defaultConfigurationIsVisible = 0;
			defaultConfigurationName = Release;
		};
		A1311CC52A3A62B10045DCB2 /* Build configuration list for PBXNativeTarget "KevinCookieCompany.com" */ = {
			isa = XCConfigurationList;
			buildConfigurations = (
				A1311CC62A3A62B10045DCB2 /* Debug */,
				A1311CC72A3A62B10045DCB2 /* Release */,
			);
			defaultConfigurationIsVisible = 0;
			defaultConfigurationName = Release;
		};
		A1311CC82A3A62B10045DCB2 /* Build configuration list for PBXNativeTarget "KevinCookieCompany.comTests" */ = {
			isa = XCConfigurationList;
			buildConfigurations = (
				A1311CC92A3A62B10045DCB2 /* Debug */,
				A1311CCA2A3A62B10045DCB2 /* Release */,
			);
			defaultConfigurationIsVisible = 0;
			defaultConfigurationName = Release;
		};
		A1311CCB2A3A62B10045DCB2 /* Build configuration list for PBXNativeTarget "KevinCookieCompany.comUITests" */ = {
			isa = XCConfigurationList;
			buildConfigurations = (
				A1311CCC2A3A62B10045DCB2 /* Debug */,
				A1311CCD2A3A62B10045DCB2 /* Release */,
			);
			defaultConfigurationIsVisible = 0;
			defaultConfigurationName = Release;
		};
/* End XCConfigurationList section */

/* Begin XCVersionGroup section */
		A1311CA22A3A62AF0045DCB2 /* KevinCookieCompany_com.xcdatamodeld */ = {
			isa = XCVersionGroup;
			children = (
				A1311CA32A3A62AF0045DCB2 /* KevinCookieCompany_com.xcdatamodel */,
			);
			currentVersion = A1311CA32A3A62AF0045DCB2 /* KevinCookieCompany_com.xcdatamodel */;
			path = KevinCookieCompany_com.xcdatamodeld;
			sourceTree = "<group>";
			versionGroupType = wrapper.xcdatamodel;
		};
/* End XCVersionGroup section */
	};
	rootObject = A1311C932A3A62AF0045DCB2 /* Project object */;
}
